
Microsoft Visual Studio Solution File, Format Version 12.00
# Visual Studio Version 16
VisualStudioVersion = 16.0.31624.102
MinimumVisualStudioVersion = 10.0.40219.1
Project("{FAE04EC0-301F-11D3-BF4B-00C04F79EFBC}") = "LAB3_TRANMINHCANH_1914899", "LAB3_TRANMINHCANH_1914899\LAB3_TRANMINHCANH_1914899.csproj", "{9B265FDD-7E35-439A-9B6D-11EE2EC75970}"
EndProject
Global
	GlobalSection(SolutionConfigurationPlatforms) = preSolution
		Debug|Any CPU = Debug|Any CPU
		Release|Any CPU = Release|Any CPU
	EndGlobalSection
	GlobalSection(ProjectConfigurationPlatforms) = postSolution
		{9B265FDD-7E35-439A-9B6D-11EE2EC75970}.Debug|Any CPU.ActiveCfg = Debug|Any CPU
		{9B265FDD-7E35-439A-9B6D-11EE2EC75970}.Debug|Any CPU.Build.0 = Debug|Any CPU
		{9B265FDD-7E35-439A-9B6D-11EE2EC75970}.Release|Any CPU.ActiveCfg = Release|Any CPU
		{9B265FDD-7E35-439A-9B6D-11EE2EC75970}.Release|Any CPU.Build.0 = Release|Any CPU
	EndGlobalSection
	GlobalSection(SolutionProperties) = preSolution
		HideSolutionNode = FALSE
	EndGlobalSection
	GlobalSection(ExtensibilityGlobals) = postSolution
		SolutionGuid = {D1B08B6E-47DD-44C5-B37B-293297F499B6}
	EndGlobalSection
EndGlobal
